
Microsoft Visual Studio Solution File, Format Version 12.00
# Visual Studio Version 16
VisualStudioVersion = 16.0.30517.126
MinimumVisualStudioVersion = 10.0.40219.1
Project("{FAE04EC0-301F-11D3-BF4B-00C04F79EFBC}") = "UDT Update", "UDT Update.csproj", "{D2B33120-BB6F-4DC7-9D42-18990AC85FDF}"
EndProject
Global
	GlobalSection(SolutionConfigurationPlatforms) = preSolution
		Debug|Any CPU = Debug|Any CPU
		Release|Any CPU = Release|Any CPU
	EndGlobalSection
	GlobalSection(ProjectConfigurationPlatforms) = postSolution
		{D2B33120-BB6F-4DC7-9D42-18990AC85FDF}.Debug|Any CPU.ActiveCfg = Debug|Any CPU
		{D2B33120-BB6F-4DC7-9D42-18990AC85FDF}.Debug|Any CPU.Build.0 = Debug|Any CPU
		{D2B33120-BB6F-4DC7-9D42-18990AC85FDF}.Release|Any CPU.ActiveCfg = Release|Any CPU
		{D2B33120-BB6F-4DC7-9D42-18990AC85FDF}.Release|Any CPU.Build.0 = Release|Any CPU
	EndGlobalSection
	GlobalSection(SolutionProperties) = preSolution
		HideSolutionNode = FALSE
	EndGlobalSection
	GlobalSection(ExtensibilityGlobals) = postSolution
		SolutionGuid = {355048B4-2767-48E9-99D7-3E81634FB7DB}
	EndGlobalSection
EndGlobal
